github.com/jgthms/bulma v0.0.0-20220104170055-5aa114d445a8 h1:/snH3e1dsWesd2RdQsAi4A2st7U5U3dE7lnbFTI3tWc=
github.com/jgthms/bulma v0.0.0-20220104170055-5aa114d445a8/go.mod h1:89FLBKXYFKfOKAoDeUT26V0pHGwzr205cMXAEqtAVOI=
github.com/onweru/compose v0.0.0-20201208143540-546849cecc5f h1:kvYndPERAdccKgLGkTNWhoFo/AHid7xNeUQf66hnixM=
github.com/onweru/compose v0.0.0-20201208143540-546849cecc5f/go.mod h1:tf1kQIBUcwJ/3mRFU5eiMrMvsDScVTK2IEFsZE3hZOc=
